// !$*UTF8*$!
{
	archiveVersion = 1;
	classes = {
	};
	objectVersion = 56;
	objects = {

/* Begin PBXBuildFile section */
		C9C942222A4C33AC002383EE /* AppDelegate.swift in Sources */ = {isa = PBXBuildFile; fileRef = C9C942212A4C33AC002383EE /* AppDelegate.swift */; };
		C9C942242A4C33AD002383EE /* SceneDelegate.swift in Sources */ = {isa = PBXBuildFile; fileRef = C9C942232A4C33AC002383EE /* SceneDelegate.swift */; };
		C9C942262A4C33AD002383EE /* ViewController.swift in Sources */ = {isa = PBXBuildFile; fileRef = C9C942252A4C33AD002383EE /* ViewController.swift */; };
		C9C942292A4C33AD002383EE /* Main.storyboard in Resources */ = {isa = PBXBuildFile; fileRef = C9C942272A4C33AD002383EE /* Main.storyboard */; };
		C9C9422B2A4C33B0002383EE /* Assets.xcassets in Resources */ = {isa = PBXBuildFile; fileRef = C9C9422A2A4C33B0002383EE /* Assets.xcassets */; };
		C9C9422E2A4C33B0002383EE /* LaunchScreen.storyboard in Resources */ = {isa = PBXBuildFile; fileRef = C9C9422C2A4C33B0002383EE /* LaunchScreen.storyboard */; };
		C9C942392A4C33B0002383EE /* ChatGPTDemoTests.swift in Sources */ = {isa = PBXBuildFile; fileRef = C9C942382A4C33B0002383EE /* ChatGPTDemoTests.swift */; };
		C9C942432A4C33B0002383EE /* ChatGPTDemoUITests.swift in Sources */ = {isa = PBXBuildFile; fileRef = C9C942422A4C33B0002383EE /* ChatGPTDemoUITests.swift */; };
		C9C942452A4C33B0002383EE /* ChatGPTDemoUITestsLaunchTests.swift in Sources */ = {isa = PBXBuildFile; fileRef = C9C942442A4C33B0002383EE /* ChatGPTDemoUITestsLaunchTests.swift */; };
/* End PBXBuildFile section */

/* Begin PBXContainerItemProxy section */
		C9C942352A4C33B0002383EE /* PBXContainerItemProxy */ = {
			isa = PBXContainerItemProxy;
			containerPortal = C9C942162A4C33AC002383EE /* Project object */;
			proxyType = 1;
			remoteGlobalIDString = C9C9421D2A4C33AC002383EE;
			remoteInfo = ChatGPTDemo;
		};
		C9C9423F2A4C33B0002383EE /* PBXContainerItemProxy */ = {
			isa = PBXContainerItemProxy;
			containerPortal = C9C942162A4C33AC002383EE /* Project object */;
			proxyType = 1;
			remoteGlobalIDString = C9C9421D2A4C33AC002383EE;
			remoteInfo = ChatGPTDemo;
		};
/* End PBXContainerItemProxy section */

/* Begin PBXFileReference section */
		C9C9421E2A4C33AC002383EE /* ChatGPTDemo.app */ = {isa = PBXFileReference; explicitFileType = wrapper.application; includeInIndex = 0; path = ChatGPTDemo.app; sourceTree = BUILT_PRODUCTS_DIR; };
		C9C942212A4C33AC002383EE /* AppDelegate.swift */ = {isa = PBXFileReference; lastKnownFileType = sourcecode.swift; path = AppDelegate.swift; sourceTree = "<group>"; };
		C9C942232A4C33AC002383EE /* SceneDelegate.swift */ = {isa = PBXFileReference; lastKnownFileType = sourcecode.swift; path = SceneDelegate.swift; sourceTree = "<group>"; };
		C9C942252A4C33AD002383EE /* ViewController.swift */ = {isa = PBXFileReference; lastKnownFileType = sourcecode.swift; path = ViewController.swift; sourceTree = "<group>"; };
		C9C942282A4C33AD002383EE /* Base */ = {isa = PBXFileReference; lastKnownFileType = file.storyboard; name = Base; path = Base.lproj/Main.storyboard; sourceTree = "<group>"; };
		C9C9422A2A4C33B0002383EE /* Assets.xcassets */ = {isa = PBXFileReference; lastKnownFileType = folder.assetcatalog; path = Assets.xcassets; sourceTree = "<group>"; };
		C9C9422D2A4C33B0002383EE /* Base */ = {isa = PBXFileReference; lastKnownFileType = file.storyboard; name = Base; path = Base.lproj/LaunchScreen.storyboard; sourceTree = "<group>"; };
		C9C9422F2A4C33B0002383EE /* Info.plist */ = {isa = PBXFileReference; lastKnownFileType = text.plist.xml; path = Info.plist; sourceTree = "<group>"; };
		C9C942342A4C33B0002383EE /* ChatGPTDemoTests.xctest */ = {isa = PBXFileReference; explicitFileType = wrapper.cfbundle; includeInIndex = 0; path = ChatGPTDemoTests.xctest; sourceTree = BUILT_PRODUCTS_DIR; };
		C9C942382A4C33B0002383EE /* ChatGPTDemoTests.swift */ = {isa = PBXFileReference; lastKnownFileType = sourcecode.swift; path = ChatGPTDemoTests.swift; sourceTree = "<group>"; };
		C9C9423E2A4C33B0002383EE /* ChatGPTDemoUITests.xctest */ = {isa = PBXFileReference; explicitFileType = wrapper.cfbundle; includeInIndex = 0; path = ChatGPTDemoUITests.xctest; sourceTree = BUILT_PRODUCTS_DIR; };
		C9C942422A4C33B0002383EE /* ChatGPTDemoUITests.swift */ = {isa = PBXFileReference; lastKnownFileType = sourcecode.swift; path = ChatGPTDemoUITests.swift; sourceTree = "<group>"; };
		C9C942442A4C33B0002383EE /* ChatGPTDemoUITestsLaunchTests.swift */ = {isa = PBXFileReference; lastKnownFileType = sourcecode.swift; path = ChatGPTDemoUITestsLaunchTests.swift; sourceTree = "<group>"; };
/* End PBXFileReference section */

/* Begin PBXFrameworksBuildPhase section */
		C9C9421B2A4C33AC002383EE /* Frameworks */ = {
			isa = PBXFrameworksBuildPhase;
			buildActionMask = 2147483647;
			files = (
			);
			runOnlyForDeploymentPostprocessing = 0;
		};
		C9C942312A4C33B0002383EE /* Frameworks */ = {
			isa = PBXFrameworksBuildPhase;
			buildActionMask = 2147483647;
			files = (
			);
			runOnlyForDeploymentPostprocessing = 0;
		};
		C9C9423B2A4C33B0002383EE /* Frameworks */ = {
			isa = PBXFrameworksBuildPhase;
			buildActionMask = 2147483647;
			files = (
			);
			runOnlyForDeploymentPostprocessing = 0;
		};
/* End PBXFrameworksBuildPhase section */

/* Begin PBXGroup section */
		C9C942152A4C33AC002383EE = {
			isa = PBXGroup;
			children = (
				C9C942202A4C33AC002383EE /* ChatGPTDemo */,
				C9C942372A4C33B0002383EE /* ChatGPTDemoTests */,
				C9C942412A4C33B0002383EE /* ChatGPTDemoUITests */,
				C9C9421F2A4C33AC002383EE /* Products */,
			);
			sourceTree = "<group>";
		};
		C9C9421F2A4C33AC002383EE /* Products */ = {
			isa = PBXGroup;
			children = (
				C9C9421E2A4C33AC002383EE /* ChatGPTDemo.app */,
				C9C942342A4C33B0002383EE /* ChatGPTDemoTests.xctest */,
				C9C9423E2A4C33B0002383EE /* ChatGPTDemoUITests.xctest */,
			);
			name = Products;
			sourceTree = "<group>";
		};
		C9C942202A4C33AC002383EE /* ChatGPTDemo */ = {
			isa = PBXGroup;
			children = (
				C9C942212A4C33AC002383EE /* AppDelegate.swift */,
				C9C942232A4C33AC002383EE /* SceneDelegate.swift */,
				C9C942252A4C33AD002383EE /* ViewController.swift */,
				C9C942272A4C33AD002383EE /* Main.storyboard */,
				C9C9422A2A4C33B0002383EE /* Assets.xcassets */,
				C9C9422C2A4C33B0002383EE /* LaunchScreen.storyboard */,
				C9C9422F2A4C33B0002383EE /* Info.plist */,
			);
			path = ChatGPTDemo;
			sourceTree = "<group>";
		};
		C9C942372A4C33B0002383EE /* ChatGPTDemoTests */ = {
			isa = PBXGroup;
			children = (
				C9C942382A4C33B0002383EE /* ChatGPTDemoTests.swift */,
			);
			path = ChatGPTDemoTests;
			sourceTree = "<group>";
		};
		C9C942412A4C33B0002383EE /* ChatGPTDemoUITests */ = {
			isa = PBXGroup;
			children = (
				C9C942422A4C33B0002383EE /* ChatGPTDemoUITests.swift */,
				C9C942442A4C33B0002383EE /* ChatGPTDemoUITestsLaunchTests.swift */,
			);
			path = ChatGPTDemoUITests;
			sourceTree = "<group>";
		};
/* End PBXGroup section */

/* Begin PBXNativeTarget section */
		C9C9421D2A4C33AC002383EE /* ChatGPTDemo */ = {
			isa = PBXNativeTarget;
			buildConfigurationList = C9C942482A4C33B0002383EE /* Build configuration list for PBXNativeTarget "ChatGPTDemo" */;
			buildPhases = (
				C9C9421A2A4C33AC002383EE /* Sources */,
				C9C9421B2A4C33AC002383EE /* Frameworks */,
				C9C9421C2A4C33AC002383EE /* Resources */,
			);
			buildRules = (
			);
			dependencies = (
			);
			name = ChatGPTDemo;
			productName = ChatGPTDemo;
			productReference = C9C9421E2A4C33AC002383EE /* ChatGPTDemo.app */;
			productType = "com.apple.product-type.application";
		};
		C9C942332A4C33B0002383EE /* ChatGPTDemoTests */ = {
			isa = PBXNativeTarget;
			buildConfigurationList = C9C9424B2A4C33B0002383EE /* Build configuration list for PBXNativeTarget "ChatGPTDemoTests" */;
			buildPhases = (
				C9C942302A4C33B0002383EE /* Sources */,
				C9C942312A4C33B0002383EE /* Frameworks */,
				C9C942322A4C33B0002383EE /* Resources */,
			);
			buildRules = (
			);
			dependencies = (
				C9C942362A4C33B0002383EE /* PBXTargetDependency */,
			);
			name = ChatGPTDemoTests;
			productName = ChatGPTDemoTests;
			productReference = C9C942342A4C33B0002383EE /* ChatGPTDemoTests.xctest */;
			productType = "com.apple.product-type.bundle.unit-test";
		};
		C9C9423D2A4C33B0002383EE /* ChatGPTDemoUITests */ = {
			isa = PBXNativeTarget;
			buildConfigurationList = C9C9424E2A4C33B0002383EE /* Build configuration list for PBXNativeTarget "ChatGPTDemoUITests" */;
			buildPhases = (
				C9C9423A2A4C33B0002383EE /* Sources */,
				C9C9423B2A4C33B0002383EE /* Frameworks */,
				C9C9423C2A4C33B0002383EE /* Resources */,
			);
			buildRules = (
			);
			dependencies = (
				C9C942402A4C33B0002383EE /* PBXTargetDependency */,
			);
			name = ChatGPTDemoUITests;
			productName = ChatGPTDemoUITests;
			productReference = C9C9423E2A4C33B0002383EE /* ChatGPTDemoUITests.xctest */;
			productType = "com.apple.product-type.bundle.ui-testing";
		};
/* End PBXNativeTarget section */

/* Begin PBXProject section */
		C9C942162A4C33AC002383EE /* Project object */ = {
			isa = PBXProject;
			attributes = {
				BuildIndependentTargetsInParallel = 1;
				LastSwiftUpdateCheck = 1410;
				LastUpgradeCheck = 1410;
				TargetAttributes = {
					C9C9421D2A4C33AC002383EE = {
						CreatedOnToolsVersion = 14.1;
					};
					C9C942332A4C33B0002383EE = {
						CreatedOnToolsVersion = 14.1;
						TestTargetID = C9C9421D2A4C33AC002383EE;
					};
					C9C9423D2A4C33B0002383EE = {
						CreatedOnToolsVersion = 14.1;
						TestTargetID = C9C9421D2A4C33AC002383EE;
					};
				};
			};
			buildConfigurationList = C9C942192A4C33AC002383EE /* Build configuration list for PBXProject "ChatGPTDemo" */;
			compatibilityVersion = "Xcode 14.0";
			developmentRegion = en;
			hasScannedForEncodings = 0;
			knownRegions = (
				en,
				Base,
			);
			mainGroup = C9C942152A4C33AC002383EE;
			productRefGroup = C9C9421F2A4C33AC002383EE /* Products */;
			projectDirPath = "";
			projectRoot = "";
			targets = (
				C9C9421D2A4C33AC002383EE /* ChatGPTDemo */,
				C9C942332A4C33B0002383EE /* ChatGPTDemoTests */,
				C9C9423D2A4C33B0002383EE /* ChatGPTDemoUITests */,
			);
		};
/* End PBXProject section */

/* Begin PBXResourcesBuildPhase section */
		C9C9421C2A4C33AC002383EE /* Resources */ = {
			isa = PBXResourcesBuildPhase;
			buildActionMask = 2147483647;
			files = (
				C9C9422E2A4C33B0002383EE /* LaunchScreen.storyboard in Resources */,
				C9C9422B2A4C33B0002383EE /* Assets.xcassets in Resources */,
				C9C942292A4C33AD002383EE /* Main.storyboard in Resources */,
			);
			runOnlyForDeploymentPostprocessing = 0;
		};
		C9C942322A4C33B0002383EE /* Resources */ = {
			isa = PBXResourcesBuildPhase;
			buildActionMask = 2147483647;
			files = (
			);
			runOnlyForDeploymentPostprocessing = 0;
		};
		C9C9423C2A4C33B0002383EE /* Resources */ = {
			isa = PBXResourcesBuildPhase;
			buildActionMask = 2147483647;
			files = (
			);
			runOnlyForDeploymentPostprocessing = 0;
		};
/* End PBXResourcesBuildPhase section */

/* Begin PBXSourcesBuildPhase section */
		C9C9421A2A4C33AC002383EE /* Sources */ = {
			isa = PBXSourcesBuildPhase;
			buildActionMask = 2147483647;
			files = (
				C9C942262A4C33AD002383EE /* ViewController.swift in Sources */,
				C9C942222A4C33AC002383EE /* AppDelegate.swift in Sources */,
				C9C942242A4C33AD002383EE /* SceneDelegate.swift in Sources */,
			);
			runOnlyForDeploymentPostprocessing = 0;
		};
		C9C942302A4C33B0002383EE /* Sources */ = {
			isa = PBXSourcesBuildPhase;
			buildActionMask = 2147483647;
			files = (
				C9C942392A4C33B0002383EE /* ChatGPTDemoTests.swift in Sources */,
			);
			runOnlyForDeploymentPostprocessing = 0;
		};
		C9C9423A2A4C33B0002383EE /* Sources */ = {
			isa = PBXSourcesBuildPhase;
			buildActionMask = 2147483647;
			files = (
				C9C942432A4C33B0002383EE /* ChatGPTDemoUITests.swift in Sources */,
				C9C942452A4C33B0002383EE /* ChatGPTDemoUITestsLaunchTests.swift in Sources */,
			);
			runOnlyForDeploymentPostprocessing = 0;
		};
/* End PBXSourcesBuildPhase section */

/* Begin PBXTargetDependency section */
		C9C942362A4C33B0002383EE /* PBXTargetDependency */ = {
			isa = PBXTargetDependency;
			target = C9C9421D2A4C33AC002383EE /* ChatGPTDemo */;
			targetProxy = C9C942352A4C33B0002383EE /* PBXContainerItemProxy */;
		};
		C9C942402A4C33B0002383EE /* PBXTargetDependency */ = {
			isa = PBXTargetDependency;
			target = C9C9421D2A4C33AC002383EE /* ChatGPTDemo */;
			targetProxy = C9C9423F2A4C33B0002383EE /* PBXContainerItemProxy */;
		};
/* End PBXTargetDependency section */

/* Begin PBXVariantGroup section */
		C9C942272A4C33AD002383EE /* Main.storyboard */ = {
			isa = PBXVariantGroup;
			children = (
				C9C942282A4C33AD002383EE /* Base */,
			);
			name = Main.storyboard;
			sourceTree = "<group>";
		};
		C9C9422C2A4C33B0002383EE /* LaunchScreen.storyboard */ = {
			isa = PBXVariantGroup;
			children = (
				C9C9422D2A4C33B0002383EE /* Base */,
			);
			name = LaunchScreen.storyboard;
			sourceTree = "<group>";
		};
/* End PBXVariantGroup section */

/* Begin XCBuildConfiguration section */
		C9C942462A4C33B0002383EE /* Debug */ = {
			isa = XCBuildConfiguration;
			buildSettings = {
				ALWAYS_SEARCH_USER_PATHS = NO;
				CLANG_ANALYZER_NONNULL = YES;
				CLANG_ANALYZER_NUMBER_OBJECT_CONVERSION = YES_AGGRESSIVE;
				CLANG_CXX_LANGUAGE_STANDARD = "gnu++20";
				CLANG_ENABLE_MODULES = YES;
				CLANG_ENABLE_OBJC_ARC = YES;
				CLANG_ENABLE_OBJC_WEAK = YES;
				CLANG_WARN_BLOCK_CAPTURE_AUTORELEASING = YES;
				CLANG_WARN_BOOL_CONVERSION = YES;
				CLANG_WARN_COMMA = YES;
				CLANG_WARN_CONSTANT_CONVERSION = YES;
				CLANG_WARN_DEPRECATED_OBJC_IMPLEMENTATIONS = YES;
				CLANG_WARN_DIRECT_OBJC_ISA_USAGE = YES_ERROR;
				CLANG_WARN_DOCUMENTATION_COMMENTS = YES;
				CLANG_WARN_EMPTY_BODY = YES;
				CLANG_WARN_ENUM_CONVERSION = YES;
				CLANG_WARN_INFINITE_RECURSION = YES;
				CLANG_WARN_INT_CONVERSION = YES;
				CLANG_WARN_NON_LITERAL_NULL_CONVERSION = YES;
				CLANG_WARN_OBJC_IMPLICIT_RETAIN_SELF = YES;
				CLANG_WARN_OBJC_LITERAL_CONVERSION = YES;
				CLANG_WARN_OBJC_ROOT_CLASS = YES_ERROR;
				CLANG_WARN_QUOTED_INCLUDE_IN_FRAMEWORK_HEADER = YES;
				CLANG_WARN_RANGE_LOOP_ANALYSIS = YES;
				CLANG_WARN_STRICT_PROTOTYPES = YES;
				CLANG_WARN_SUSPICIOUS_MOVE = YES;
				CLANG_WARN_UNGUARDED_AVAILABILITY = YES_AGGRESSIVE;
				CLANG_WARN_UNREACHABLE_CODE = YES;
				CLANG_WARN__DUPLICATE_METHOD_MATCH = YES;
				COPY_PHASE_STRIP = NO;
				DEBUG_INFORMATION_FORMAT = dwarf;
				ENABLE_STRICT_OBJC_MSGSEND = YES;
				ENABLE_TESTABILITY = YES;
				GCC_C_LANGUAGE_STANDARD = gnu11;
				GCC_DYNAMIC_NO_PIC = NO;
				GCC_NO_COMMON_BLOCKS = YES;
				GCC_OPTIMIZATION_LEVEL = 0;
				GCC_PREPROCESSOR_DEFINITIONS = (
					"DEBUG=1",
					"$(inherited)",
				);
				GCC_WARN_64_TO_32_BIT_CONVERSION = YES;
				GCC_WARN_ABOUT_RETURN_TYPE = YES_ERROR;
				GCC_WARN_UNDECLARED_SELECTOR = YES;
				GCC_WARN_UNINITIALIZED_AUTOS = YES_AGGRESSIVE;
				GCC_WARN_UNUSED_FUNCTION = YES;
				GCC_WARN_UNUSED_VARIABLE = YES;
				IPHONEOS_DEPLOYMENT_TARGET = 16.1;
				MTL_ENABLE_DEBUG_INFO = INCLUDE_SOURCE;
				MTL_FAST_MATH = YES;
				ONLY_ACTIVE_ARCH = YES;
				SDKROOT = iphoneos;
				SWIFT_ACTIVE_COMPILATION_CONDITIONS = DEBUG;
				SWIFT_OPTIMIZATION_LEVEL = "-Onone";
			};
			name = Debug;
		};
		C9C942472A4C33B0002383EE /* Release */ = {
			isa = XCBuildConfiguration;
			buildSettings = {
				ALWAYS_SEARCH_USER_PATHS = NO;
				CLANG_ANALYZER_NONNULL = YES;
				CLANG_ANALYZER_NUMBER_OBJECT_CONVERSION = YES_AGGRESSIVE;
				CLANG_CXX_LANGUAGE_STANDARD = "gnu++20";
				CLANG_ENABLE_MODULES = YES;
				CLANG_ENABLE_OBJC_ARC = YES;
				CLANG_ENABLE_OBJC_WEAK = YES;
				CLANG_WARN_BLOCK_CAPTURE_AUTORELEASING = YES;
				CLANG_WARN_BOOL_CONVERSION = YES;
				CLANG_WARN_COMMA = YES;
				CLANG_WARN_CONSTANT_CONVERSION = YES;
				CLANG_WARN_DEPRECATED_OBJC_IMPLEMENTATIONS = YES;
				CLANG_WARN_DIRECT_OBJC_ISA_USAGE = YES_ERROR;
				CLANG_WARN_DOCUMENTATION_COMMENTS = YES;
				CLANG_WARN_EMPTY_BODY = YES;
				CLANG_WARN_ENUM_CONVERSION = YES;
				CLANG_WARN_INFINITE_RECURSION = YES;
				CLANG_WARN_INT_CONVERSION = YES;
				CLANG_WARN_NON_LITERAL_NULL_CONVERSION = YES;
				CLANG_WARN_OBJC_IMPLICIT_RETAIN_SELF = YES;
				CLANG_WARN_OBJC_LITERAL_CONVERSION = YES;
				CLANG_WARN_OBJC_ROOT_CLASS = YES_ERROR;
				CLANG_WARN_QUOTED_INCLUDE_IN_FRAMEWORK_HEADER = YES;
				CLANG_WARN_RANGE_LOOP_ANALYSIS = YES;
				CLANG_WARN_STRICT_PROTOTYPES = YES;
				CLANG_WARN_SUSPICIOUS_MOVE = YES;
				CLANG_WARN_UNGUARDED_AVAILABILITY = YES_AGGRESSIVE;
				CLANG_WARN_UNREACHABLE_CODE = YES;
				CLANG_WARN__DUPLICATE_METHOD_MATCH = YES;
				COPY_PHASE_STRIP = NO;
				DEBUG_INFORMATION_FORMAT = "dwarf-with-dsym";
				ENABLE_NS_ASSERTIONS = NO;
				ENABLE_STRICT_OBJC_MSGSEND = YES;
				GCC_C_LANGUAGE_STANDARD = gnu11;
				GCC_NO_COMMON_BLOCKS = YES;
				GCC_WARN_64_TO_32_BIT_CONVERSION = YES;
				GCC_WARN_ABOUT_RETURN_TYPE = YES_ERROR;
				GCC_WARN_UNDECLARED_SELECTOR = YES;
				GCC_WARN_UNINITIALIZED_AUTOS = YES_AGGRESSIVE;
				GCC_WARN_UNUSED_FUNCTION = YES;
				GCC_WARN_UNUSED_VARIABLE = YES;
				IPHONEOS_DEPLOYMENT_TARGET = 16.1;
				MTL_ENABLE_DEBUG_INFO = NO;
				MTL_FAST_MATH = YES;
				SDKROOT = iphoneos;
				SWIFT_COMPILATION_MODE = wholemodule;
				SWIFT_OPTIMIZATION_LEVEL = "-O";
				VALIDATE_PRODUCT = YES;
			};
			name = Release;
		};
		C9C942492A4C33B0002383EE /* Debug */ = {
			isa = XCBuildConfiguration;
			buildSettings = {
				ASSETCATALOG_COMPILER_APPICON_NAME = AppIcon;
				ASSETCATALOG_COMPILER_GLOBAL_ACCENT_COLOR_NAME = AccentColor;
				CODE_SIGN_STYLE = Automatic;
				CURRENT_PROJECT_VERSION = 1;
				DEVELOPMENT_TEAM = 3QH4Q57SL3;
				GENERATE_INFOPLIST_FILE = YES;
				INFOPLIST_FILE = ChatGPTDemo/Info.plist;
				INFOPLIST_KEY_UIApplicationSupportsIndirectInputEvents = YES;
				INFOPLIST_KEY_UILaunchStoryboardName = LaunchScreen;
				INFOPLIST_KEY_UIMainStoryboardFile = Main;
				INFOPLIST_KEY_UISupportedInterfaceOrientations_iPad = "UIInterfaceOrientationPortrait UIInterfaceOrientationPortraitUpsideDown UIInterfaceOrientationLandscapeLeft UIInterfaceOrientationLandscapeRight";
				INFOPLIST_KEY_UISupportedInterfaceOrientations_iPhone = "UIInterfaceOrientationPortrait UIInterfaceOrientationLandscapeLeft UIInterfaceOrientationLandscapeRight";
				LD_RUNPATH_SEARCH_PATHS = (
					"$(inherited)",
					"@executable_path/Frameworks",
				);
				MARKETING_VERSION = 1.0;
				PRODUCT_BUNDLE_IDENTIFIER = com.ChatGPTDemo.ChatGPTDemo;
				PRODUCT_NAME = "$(TARGET_NAME)";
				SWIFT_EMIT_LOC_STRINGS = YES;
				SWIFT_VERSION = 5.0;
				TARGETED_DEVICE_FAMILY = "1,2";
			};
			name = Debug;
		};
		C9C9424A2A4C33B0002383EE /* Release */ = {
			isa = XCBuildConfiguration;
			buildSettings = {
				ASSETCATALOG_COMPILER_APPICON_NAME = AppIcon;
				ASSETCATALOG_COMPILER_GLOBAL_ACCENT_COLOR_NAME = AccentColor;
				CODE_SIGN_STYLE = Automatic;
				CURRENT_PROJECT_VERSION = 1;
				DEVELOPMENT_TEAM = 3QH4Q57SL3;
				GENERATE_INFOPLIST_FILE = YES;
				INFOPLIST_FILE = ChatGPTDemo/Info.plist;
				INFOPLIST_KEY_UIApplicationSupportsIndirectInputEvents = YES;
				INFOPLIST_KEY_UILaunchStoryboardName = LaunchScreen;
				INFOPLIST_KEY_UIMainStoryboardFile = Main;
				INFOPLIST_KEY_UISupportedInterfaceOrientations_iPad = "UIInterfaceOrientationPortrait UIInterfaceOrientationPortraitUpsideDown UIInterfaceOrientationLandscapeLeft UIInterfaceOrientationLandscapeRight";
				INFOPLIST_KEY_UISupportedInterfaceOrientations_iPhone = "UIInterfaceOrientationPortrait UIInterfaceOrientationLandscapeLeft UIInterfaceOrientationLandscapeRight";
				LD_RUNPATH_SEARCH_PATHS = (
					"$(inherited)",
					"@executable_path/Frameworks",
				);
				MARKETING_VERSION = 1.0;
				PRODUCT_BUNDLE_IDENTIFIER = com.ChatGPTDemo.ChatGPTDemo;
				PRODUCT_NAME = "$(TARGET_NAME)";
				SWIFT_EMIT_LOC_STRINGS = YES;
				SWIFT_VERSION = 5.0;
				TARGETED_DEVICE_FAMILY = "1,2";
			};
			name = Release;
		};
		C9C9424C2A4C33B0002383EE /* Debug */ = {
			isa = XCBuildConfiguration;
			buildSettings = {
				ALWAYS_EMBED_SWIFT_STANDARD_LIBRARIES = YES;
				BUNDLE_LOADER = "$(TEST_HOST)";
				CODE_SIGN_STYLE = Automatic;
				CURRENT_PROJECT_VERSION = 1;
				DEVELOPMENT_TEAM = 3QH4Q57SL3;
				GENERATE_INFOPLIST_FILE = YES;
				IPHONEOS_DEPLOYMENT_TARGET = 16.1;
				MARKETING_VERSION = 1.0;
				PRODUCT_BUNDLE_IDENTIFIER = com.ChatGPTDemo.ChatGPTDemoTests;
				PRODUCT_NAME = "$(TARGET_NAME)";
				SWIFT_EMIT_LOC_STRINGS = NO;
				SWIFT_VERSION = 5.0;
				TARGETED_DEVICE_FAMILY = "1,2";
				TEST_HOST = "$(BUILT_PRODUCTS_DIR)/ChatGPTDemo.app/$(BUNDLE_EXECUTABLE_FOLDER_PATH)/ChatGPTDemo";
			};
			name = Debug;
		};
		C9C9424D2A4C33B0002383EE /* Release */ = {
			isa = XCBuildConfiguration;
			buildSettings = {
				ALWAYS_EMBED_SWIFT_STANDARD_LIBRARIES = YES;
				BUNDLE_LOADER = "$(TEST_HOST)";
				CODE_SIGN_STYLE = Automatic;
				CURRENT_PROJECT_VERSION = 1;
				DEVELOPMENT_TEAM = 3QH4Q57SL3;
				GENERATE_INFOPLIST_FILE = YES;
				IPHONEOS_DEPLOYMENT_TARGET = 16.1;
				MARKETING_VERSION = 1.0;
				PRODUCT_BUNDLE_IDENTIFIER = com.ChatGPTDemo.ChatGPTDemoTests;
				PRODUCT_NAME = "$(TARGET_NAME)";
				SWIFT_EMIT_LOC_STRINGS = NO;
				SWIFT_VERSION = 5.0;
				TARGETED_DEVICE_FAMILY = "1,2";
				TEST_HOST = "$(BUILT_PRODUCTS_DIR)/ChatGPTDemo.app/$(BUNDLE_EXECUTABLE_FOLDER_PATH)/ChatGPTDemo";
			};
			name = Release;
		};
		C9C9424F2A4C33B0002383EE /* Debug */ = {
			isa = XCBuildConfiguration;
			buildSettings = {
				ALWAYS_EMBED_SWIFT_STANDARD_LIBRARIES = YES;
				CODE_SIGN_STYLE = Automatic;
				CURRENT_PROJECT_VERSION = 1;
				DEVELOPMENT_TEAM = 3QH4Q57SL3;
				GENERATE_INFOPLIST_FILE = YES;
				MARKETING_VERSION = 1.0;
				PRODUCT_BUNDLE_IDENTIFIER = com.ChatGPTDemo.ChatGPTDemoUITests;
				PRODUCT_NAME = "$(TARGET_NAME)";
				SWIFT_EMIT_LOC_STRINGS = NO;
				SWIFT_VERSION = 5.0;
				TARGETED_DEVICE_FAMILY = "1,2";
				TEST_TARGET_NAME = ChatGPTDemo;
			};
			name = Debug;
		};
		C9C942502A4C33B0002383EE /* Release */ = {
			isa = XCBuildConfiguration;
			buildSettings = {
				ALWAYS_EMBED_SWIFT_STANDARD_LIBRARIES = YES;
				CODE_SIGN_STYLE = Automatic;
				CURRENT_PROJECT_VERSION = 1;
				DEVELOPMENT_TEAM = 3QH4Q57SL3;
				GENERATE_INFOPLIST_FILE = YES;
				MARKETING_VERSION = 1.0;
				PRODUCT_BUNDLE_IDENTIFIER = com.ChatGPTDemo.ChatGPTDemoUITests;
				PRODUCT_NAME = "$(TARGET_NAME)";
				SWIFT_EMIT_LOC_STRINGS = NO;
				SWIFT_VERSION = 5.0;
				TARGETED_DEVICE_FAMILY = "1,2";
				TEST_TARGET_NAME = ChatGPTDemo;
			};
			name = Release;
		};
/* End XCBuildConfiguration section */

/* Begin XCConfigurationList section */
		C9C942192A4C33AC002383EE /* Build configuration list for PBXProject "ChatGPTDemo" */ = {
			isa = XCConfigurationList;
			buildConfigurations = (
				C9C942462A4C33B0002383EE /* Debug */,
				C9C942472A4C33B0002383EE /* Release */,
			);
			defaultConfigurationIsVisible = 0;
			defaultConfigurationName = Release;
		};
		C9C942482A4C33B0002383EE /* Build configuration list for PBXNativeTarget "ChatGPTDemo" */ = {
			isa = XCConfigurationList;
			buildConfigurations = (
				C9C942492A4C33B0002383EE /* Debug */,
				C9C9424A2A4C33B0002383EE /* Release */,
			);
			defaultConfigurationIsVisible = 0;
			defaultConfigurationName = Release;
		};
		C9C9424B2A4C33B0002383EE /* Build configuration list for PBXNativeTarget "ChatGPTDemoTests" */ = {
			isa = XCConfigurationList;
			buildConfigurations = (
				C9C9424C2A4C33B0002383EE /* Debug */,
				C9C9424D2A4C33B0002383EE /* Release */,
			);
			defaultConfigurationIsVisible = 0;
			defaultConfigurationName = Release;
		};
		C9C9424E2A4C33B0002383EE /* Build configuration list for PBXNativeTarget "ChatGPTDemoUITests" */ = {
			isa = XCConfigurationList;
			buildConfigurations = (
				C9C9424F2A4C33B0002383EE /* Debug */,
				C9C942502A4C33B0002383EE /* Release */,
			);
			defaultConfigurationIsVisible = 0;
			defaultConfigurationName = Release;
		};
/* End XCConfigurationList section */
	};
	rootObject = C9C942162A4C33AC002383EE /* Project object */;
}
